
Microsoft Visual Studio Solution File, Format Version 12.00
# Visual Studio Version 16
VisualStudioVersion = 16.0.30225.117
MinimumVisualStudioVersion = 10.0.40219.1
Project("{FAE04EC0-301F-11D3-BF4B-00C04F79EFBC}") = "Projeto_Xadrez", "Projeto_Xadrez\Projeto_Xadrez.csproj", "{26830C24-2402-4DC3-8994-1BC0B5187542}"
EndProject
Global
	GlobalSection(SolutionConfigurationPlatforms) = preSolution
		Debug|Any CPU = Debug|Any CPU
		Release|Any CPU = Release|Any CPU
	EndGlobalSection
	GlobalSection(ProjectConfigurationPlatforms) = postSolution
		{26830C24-2402-4DC3-8994-1BC0B5187542}.Debug|Any CPU.ActiveCfg = Debug|Any CPU
		{26830C24-2402-4DC3-8994-1BC0B5187542}.Debug|Any CPU.Build.0 = Debug|Any CPU
		{26830C24-2402-4DC3-8994-1BC0B5187542}.Release|Any CPU.ActiveCfg = Release|Any CPU
		{26830C24-2402-4DC3-8994-1BC0B5187542}.Release|Any CPU.Build.0 = Release|Any CPU
	EndGlobalSection
	GlobalSection(SolutionProperties) = preSolution
		HideSolutionNode = FALSE
	EndGlobalSection
	GlobalSection(ExtensibilityGlobals) = postSolution
		SolutionGuid = {A1256803-35B1-4200-941F-1A6F6282F376}
	EndGlobalSection
EndGlobal
